
Microsoft Visual Studio Solution File, Format Version 12.00
# Visual Studio Version 17
VisualStudioVersion = 17.14.36518.9 d17.14
MinimumVisualStudioVersion = 10.0.40219.1
Project("{FAE04EC0-301F-11D3-BF4B-00C04F79EFBC}") = "U6-P1", "U6-P1\U6-P1.csproj", "{3536F9A2-D165-4CED-A293-E67AE89E3077}"
EndProject
Global
	GlobalSection(SolutionConfigurationPlatforms) = preSolution
		Debug|Any CPU = Debug|Any CPU
		Release|Any CPU = Release|Any CPU
	EndGlobalSection
	GlobalSection(ProjectConfigurationPlatforms) = postSolution
		{3536F9A2-D165-4CED-A293-E67AE89E3077}.Debug|Any CPU.ActiveCfg = Debug|Any CPU
		{3536F9A2-D165-4CED-A293-E67AE89E3077}.Debug|Any CPU.Build.0 = Debug|Any CPU
		{3536F9A2-D165-4CED-A293-E67AE89E3077}.Release|Any CPU.ActiveCfg = Release|Any CPU
		{3536F9A2-D165-4CED-A293-E67AE89E3077}.Release|Any CPU.Build.0 = Release|Any CPU
	EndGlobalSection
	GlobalSection(SolutionProperties) = preSolution
		HideSolutionNode = FALSE
	EndGlobalSection
	GlobalSection(ExtensibilityGlobals) = postSolution
		SolutionGuid = {8A8E2B3D-8B0B-490A-AC5E-66A17FE7F577}
	EndGlobalSection
EndGlobal
